
Microsoft Visual Studio Solution File, Format Version 12.00
# Visual Studio Version 16
VisualStudioVersion = 16.0.31624.102
MinimumVisualStudioVersion = 10.0.40219.1
Project("{9A19103F-16F7-4668-BE54-9A1E7A4F7556}") = "lab1", "lab1\lab1.csproj", "{25D25C51-C1E9-492E-8F9B-5A3258295A3C}"
EndProject
Project("{9A19103F-16F7-4668-BE54-9A1E7A4F7556}") = "lab2", "lab2\lab2.csproj", "{E42DC3E2-7107-4FF6-B4D4-6FC18D586E66}"
EndProject
Project("{9A19103F-16F7-4668-BE54-9A1E7A4F7556}") = "lab3", "lab3\lab3.csproj", "{2474006B-4F59-42D5-BB1B-5A2C60FD7F8C}"
EndProject
Project("{9A19103F-16F7-4668-BE54-9A1E7A4F7556}") = "lab4", "lab4\lab4.csproj", "{D5780516-08EF-47EC-9579-2901EDBE6DCD}"
EndProject
Project("{9A19103F-16F7-4668-BE54-9A1E7A4F7556}") = "lab5", "lab5\lab5.csproj", "{A2490867-D97A-4A41-AFDF-F2CD0CED49E8}"
EndProject
Project("{9A19103F-16F7-4668-BE54-9A1E7A4F7556}") = "lab7", "lab7\lab7.csproj", "{B26AB010-D5A5-4A1B-A07A-87F7DD1006E3}"
EndProject
Project("{9A19103F-16F7-4668-BE54-9A1E7A4F7556}") = "lab7_zadania", "lab7_zadania\lab7_zadania.csproj", "{23CB8C09-0FD2-48D1-9B56-2EC95EFDC5F7}"
EndProject
Project("{9A19103F-16F7-4668-BE54-9A1E7A4F7556}") = "lab8", "lab8\lab8.csproj", "{443A34AD-DD3D-4038-B2CA-A10DFDEF4468}"
EndProject
Project("{FAE04EC0-301F-11D3-BF4B-00C04F79EFBC}") = "lab10", "lab10\lab10.csproj", "{3942547F-80C9-4B62-BAA2-C01D1305510D}"
EndProject
Global
	GlobalSection(SolutionConfigurationPlatforms) = preSolution
		Debug|Any CPU = Debug|Any CPU
		Release|Any CPU = Release|Any CPU
	EndGlobalSection
	GlobalSection(ProjectConfigurationPlatforms) = postSolution
		{25D25C51-C1E9-492E-8F9B-5A3258295A3C}.Debug|Any CPU.ActiveCfg = Debug|Any CPU
		{25D25C51-C1E9-492E-8F9B-5A3258295A3C}.Debug|Any CPU.Build.0 = Debug|Any CPU
		{25D25C51-C1E9-492E-8F9B-5A3258295A3C}.Release|Any CPU.ActiveCfg = Release|Any CPU
		{25D25C51-C1E9-492E-8F9B-5A3258295A3C}.Release|Any CPU.Build.0 = Release|Any CPU
		{E42DC3E2-7107-4FF6-B4D4-6FC18D586E66}.Debug|Any CPU.ActiveCfg = Debug|Any CPU
		{E42DC3E2-7107-4FF6-B4D4-6FC18D586E66}.Debug|Any CPU.Build.0 = Debug|Any CPU
		{E42DC3E2-7107-4FF6-B4D4-6FC18D586E66}.Release|Any CPU.ActiveCfg = Release|Any CPU
		{E42DC3E2-7107-4FF6-B4D4-6FC18D586E66}.Release|Any CPU.Build.0 = Release|Any CPU
		{2474006B-4F59-42D5-BB1B-5A2C60FD7F8C}.Debug|Any CPU.ActiveCfg = Debug|Any CPU
		{2474006B-4F59-42D5-BB1B-5A2C60FD7F8C}.Debug|Any CPU.Build.0 = Debug|Any CPU
		{2474006B-4F59-42D5-BB1B-5A2C60FD7F8C}.Release|Any CPU.ActiveCfg = Release|Any CPU
		{2474006B-4F59-42D5-BB1B-5A2C60FD7F8C}.Release|Any CPU.Build.0 = Release|Any CPU
		{D5780516-08EF-47EC-9579-2901EDBE6DCD}.Debug|Any CPU.ActiveCfg = Debug|Any CPU
		{D5780516-08EF-47EC-9579-2901EDBE6DCD}.Debug|Any CPU.Build.0 = Debug|Any CPU
		{D5780516-08EF-47EC-9579-2901EDBE6DCD}.Release|Any CPU.ActiveCfg = Release|Any CPU
		{D5780516-08EF-47EC-9579-2901EDBE6DCD}.Release|Any CPU.Build.0 = Release|Any CPU
		{A2490867-D97A-4A41-AFDF-F2CD0CED49E8}.Debug|Any CPU.ActiveCfg = Debug|Any CPU
		{A2490867-D97A-4A41-AFDF-F2CD0CED49E8}.Debug|Any CPU.Build.0 = Debug|Any CPU
		{A2490867-D97A-4A41-AFDF-F2CD0CED49E8}.Release|Any CPU.ActiveCfg = Release|Any CPU
		{A2490867-D97A-4A41-AFDF-F2CD0CED49E8}.Release|Any CPU.Build.0 = Release|Any CPU
		{B26AB010-D5A5-4A1B-A07A-87F7DD1006E3}.Debug|Any CPU.ActiveCfg = Debug|Any CPU
		{B26AB010-D5A5-4A1B-A07A-87F7DD1006E3}.Debug|Any CPU.Build.0 = Debug|Any CPU
		{B26AB010-D5A5-4A1B-A07A-87F7DD1006E3}.Release|Any CPU.ActiveCfg = Release|Any CPU
		{B26AB010-D5A5-4A1B-A07A-87F7DD1006E3}.Release|Any CPU.Build.0 = Release|Any CPU
		{23CB8C09-0FD2-48D1-9B56-2EC95EFDC5F7}.Debug|Any CPU.ActiveCfg = Debug|Any CPU
		{23CB8C09-0FD2-48D1-9B56-2EC95EFDC5F7}.Debug|Any CPU.Build.0 = Debug|Any CPU
		{23CB8C09-0FD2-48D1-9B56-2EC95EFDC5F7}.Release|Any CPU.ActiveCfg = Release|Any CPU
		{23CB8C09-0FD2-48D1-9B56-2EC95EFDC5F7}.Release|Any CPU.Build.0 = Release|Any CPU
		{443A34AD-DD3D-4038-B2CA-A10DFDEF4468}.Debug|Any CPU.ActiveCfg = Debug|Any CPU
		{443A34AD-DD3D-4038-B2CA-A10DFDEF4468}.Debug|Any CPU.Build.0 = Debug|Any CPU
		{443A34AD-DD3D-4038-B2CA-A10DFDEF4468}.Release|Any CPU.ActiveCfg = Release|Any CPU
		{443A34AD-DD3D-4038-B2CA-A10DFDEF4468}.Release|Any CPU.Build.0 = Release|Any CPU
		{3942547F-80C9-4B62-BAA2-C01D1305510D}.Debug|Any CPU.ActiveCfg = Debug|Any CPU
		{3942547F-80C9-4B62-BAA2-C01D1305510D}.Debug|Any CPU.Build.0 = Debug|Any CPU
		{3942547F-80C9-4B62-BAA2-C01D1305510D}.Release|Any CPU.ActiveCfg = Release|Any CPU
		{3942547F-80C9-4B62-BAA2-C01D1305510D}.Release|Any CPU.Build.0 = Release|Any CPU
	EndGlobalSection
	GlobalSection(SolutionProperties) = preSolution
		HideSolutionNode = FALSE
	EndGlobalSection
	GlobalSection(ExtensibilityGlobals) = postSolution
		SolutionGuid = {AE970E55-6F4E-45E7-BA71-A6C41E356503}
	EndGlobalSection
EndGlobal
